{
  "requires": true,
  "lockfileVersion": 1,
  "dependencies": {
    "vue-masonry-css": {
      "version": "1.0.3",
      "resolved": "https://registry.npmjs.org/vue-masonry-css/-/vue-masonry-css-1.0.3.tgz",
      "integrity": "sha512-viecHQiHVLez7HlYUQsv1wJb2MT/RDSzkDp6m3In41vPrk6OsBmT2qRE8LZqYIA4daIwrnx/Xm8h4fjOpuE3hw=="
    }
  }
}
